
Microsoft Visual Studio Solution File, Format Version 12.00
# Visual Studio Version 16
VisualStudioVersion = 16.0.32126.315
MinimumVisualStudioVersion = 10.0.40219.1
Project("{9A19103F-16F7-4668-BE54-9A1E7A4F7556}") = "DevOpsProject", "DevOpsProject.csproj", "{DECB6EE4-7F21-4495-9207-CCED54BE4C30}"
EndProject
Project("{FAE04EC0-301F-11D3-BF4B-00C04F79EFBC}") = "NunitTest", "..\NunitTest\NunitTest.csproj", "{BF225761-A552-4C31-BFD4-E6413C02814C}"
EndProject
Global
	GlobalSection(SolutionConfigurationPlatforms) = preSolution
		Debug|Any CPU = Debug|Any CPU
		Release|Any CPU = Release|Any CPU
	EndGlobalSection
	GlobalSection(ProjectConfigurationPlatforms) = postSolution
		{DECB6EE4-7F21-4495-9207-CCED54BE4C30}.Debug|Any CPU.ActiveCfg = Debug|Any CPU
		{DECB6EE4-7F21-4495-9207-CCED54BE4C30}.Debug|Any CPU.Build.0 = Debug|Any CPU
		{DECB6EE4-7F21-4495-9207-CCED54BE4C30}.Release|Any CPU.ActiveCfg = Release|Any CPU
		{DECB6EE4-7F21-4495-9207-CCED54BE4C30}.Release|Any CPU.Build.0 = Release|Any CPU
		{BF225761-A552-4C31-BFD4-E6413C02814C}.Debug|Any CPU.ActiveCfg = Debug|Any CPU
		{BF225761-A552-4C31-BFD4-E6413C02814C}.Debug|Any CPU.Build.0 = Debug|Any CPU
		{BF225761-A552-4C31-BFD4-E6413C02814C}.Release|Any CPU.ActiveCfg = Release|Any CPU
		{BF225761-A552-4C31-BFD4-E6413C02814C}.Release|Any CPU.Build.0 = Release|Any CPU
	EndGlobalSection
	GlobalSection(SolutionProperties) = preSolution
		HideSolutionNode = FALSE
	EndGlobalSection
	GlobalSection(ExtensibilityGlobals) = postSolution
		SolutionGuid = {DB940E6F-FF80-42D4-99E3-9D420DC5A5BE}
	EndGlobalSection
EndGlobal
